
Microsoft Visual Studio Solution File, Format Version 12.00
# Visual Studio 14
VisualStudioVersion = 14.0.25420.1
MinimumVisualStudioVersion = 10.0.40219.1
Project("{FAE04EC0-301F-11D3-BF4B-00C04F79EFBC}") = "MessageAnalyzer.ConsoleProject", "MessageAnalyser.ConsoleProject\MessageAnalyzer.ConsoleProject.csproj", "{0609857B-2ABE-4051-856B-A752DA49EDBC}"
EndProject
Project("{FAE04EC0-301F-11D3-BF4B-00C04F79EFBC}") = "MessageAnalyzer.SocialNetworkService", "MessageAnalyser.SocialNetworkServiceProject\MessageAnalyzer.SocialNetworkService.csproj", "{5F4038CC-48EE-41F5-AEE0-DDBE81F59C17}"
EndProject
Project("{FAE04EC0-301F-11D3-BF4B-00C04F79EFBC}") = "MessageAnalyzer.StatisticService", "MessageAnalyser.StatisticServiceProject\MessageAnalyzer.StatisticService.csproj", "{B92A4E65-A43F-4FF3-9104-F54B7839F96A}"
EndProject
Global
	GlobalSection(SolutionConfigurationPlatforms) = preSolution
		Debug|Any CPU = Debug|Any CPU
		Release|Any CPU = Release|Any CPU
	EndGlobalSection
	GlobalSection(ProjectConfigurationPlatforms) = postSolution
		{0609857B-2ABE-4051-856B-A752DA49EDBC}.Debug|Any CPU.ActiveCfg = Debug|Any CPU
		{0609857B-2ABE-4051-856B-A752DA49EDBC}.Debug|Any CPU.Build.0 = Debug|Any CPU
		{0609857B-2ABE-4051-856B-A752DA49EDBC}.Release|Any CPU.ActiveCfg = Release|Any CPU
		{0609857B-2ABE-4051-856B-A752DA49EDBC}.Release|Any CPU.Build.0 = Release|Any CPU
		{5F4038CC-48EE-41F5-AEE0-DDBE81F59C17}.Debug|Any CPU.ActiveCfg = Debug|Any CPU
		{5F4038CC-48EE-41F5-AEE0-DDBE81F59C17}.Debug|Any CPU.Build.0 = Debug|Any CPU
		{5F4038CC-48EE-41F5-AEE0-DDBE81F59C17}.Release|Any CPU.ActiveCfg = Release|Any CPU
		{5F4038CC-48EE-41F5-AEE0-DDBE81F59C17}.Release|Any CPU.Build.0 = Release|Any CPU
		{B92A4E65-A43F-4FF3-9104-F54B7839F96A}.Debug|Any CPU.ActiveCfg = Debug|Any CPU
		{B92A4E65-A43F-4FF3-9104-F54B7839F96A}.Debug|Any CPU.Build.0 = Debug|Any CPU
		{B92A4E65-A43F-4FF3-9104-F54B7839F96A}.Release|Any CPU.ActiveCfg = Release|Any CPU
		{B92A4E65-A43F-4FF3-9104-F54B7839F96A}.Release|Any CPU.Build.0 = Release|Any CPU
	EndGlobalSection
	GlobalSection(SolutionProperties) = preSolution
		HideSolutionNode = FALSE
	EndGlobalSection
EndGlobal
